
Microsoft Visual Studio Solution File, Format Version 12.00
# Visual Studio Version 17
VisualStudioVersion = 17.7.34031.279
MinimumVisualStudioVersion = 10.0.40219.1
Project("{FAE04EC0-301F-11D3-BF4B-00C04F79EFBC}") = "Tarea2.3", "Tarea2.3.csproj", "{690F7F7E-24C0-4016-8F90-B19E4D892516}"
EndProject
Global
	GlobalSection(SolutionConfigurationPlatforms) = preSolution
		Debug|Any CPU = Debug|Any CPU
		Release|Any CPU = Release|Any CPU
	EndGlobalSection
	GlobalSection(ProjectConfigurationPlatforms) = postSolution
		{690F7F7E-24C0-4016-8F90-B19E4D892516}.Debug|Any CPU.ActiveCfg = Debug|Any CPU
		{690F7F7E-24C0-4016-8F90-B19E4D892516}.Debug|Any CPU.Build.0 = Debug|Any CPU
		{690F7F7E-24C0-4016-8F90-B19E4D892516}.Release|Any CPU.ActiveCfg = Release|Any CPU
		{690F7F7E-24C0-4016-8F90-B19E4D892516}.Release|Any CPU.Build.0 = Release|Any CPU
	EndGlobalSection
	GlobalSection(SolutionProperties) = preSolution
		HideSolutionNode = FALSE
	EndGlobalSection
	GlobalSection(ExtensibilityGlobals) = postSolution
		SolutionGuid = {ECA987BB-B14F-4811-84CE-6A22AD6F4C7F}
	EndGlobalSection
EndGlobal
